
Microsoft Visual Studio Solution File, Format Version 12.00
# Visual Studio Version 16
VisualStudioVersion = 16.0.30225.117
MinimumVisualStudioVersion = 10.0.40219.1
Project("{8BC9CEB8-8B4A-11D0-8D11-00A0C91BC942}") = "01.CppRefresh", "CppRefresh\CppRefresh.vcxproj", "{65FABDF1-59B1-4513-B98C-C3130AFA7486}"
EndProject
Project("{8BC9CEB8-8B4A-11D0-8D11-00A0C91BC942}") = "02.Conditional", "Conditional\Conditional.vcxproj", "{12B3C439-D1B9-40EB-908D-2637FF297D86}"
EndProject
Project("{8BC9CEB8-8B4A-11D0-8D11-00A0C91BC942}") = "03.TernaryOperator", "03.TernaryOperator\03.TernaryOperator.vcxproj", "{79AF2679-DFB1-4A6C-BEB8-937F9E9E471F}"
EndProject
Project("{8BC9CEB8-8B4A-11D0-8D11-00A0C91BC942}") = "04.arrays", "04.arrays\04.arrays.vcxproj", "{684AA3FD-3C23-4A9E-A887-2A8B44BBD82E}"
EndProject
Project("{8BC9CEB8-8B4A-11D0-8D11-00A0C91BC942}") = "05.vector", "05.vector\05.vector.vcxproj", "{6BA1E068-8DE2-49AE-AC96-42581F6A146D}"
EndProject
Project("{8BC9CEB8-8B4A-11D0-8D11-00A0C91BC942}") = "06.loop", "06.loop\06.loop.vcxproj", "{7B7708F1-CB44-481A-8C6C-D6291C19BBAE}"
EndProject
Project("{8BC9CEB8-8B4A-11D0-8D11-00A0C91BC942}") = "07.string", "07.string\07.string.vcxproj", "{74E02ADD-E529-4B13-9FE4-0BFAD8D2C0E6}"
EndProject
Project("{8BC9CEB8-8B4A-11D0-8D11-00A0C91BC942}") = "08.function", "08.function\08.function.vcxproj", "{275BF4D6-C4CD-4B90-A3F8-4B23D74A3D4D}"
EndProject
Project("{8BC9CEB8-8B4A-11D0-8D11-00A0C91BC942}") = "09.pointer", "09.pointer\09.pointer.vcxproj", "{F7F8E768-3EC2-40A7-ADDC-93045FE81E98}"
EndProject
Project("{8BC9CEB8-8B4A-11D0-8D11-00A0C91BC942}") = "10.exceptions", "10.exceptions\10.exceptions.vcxproj", "{5135A1D4-E1AF-43D6-A724-D8CD758564FB}"
EndProject
Project("{8BC9CEB8-8B4A-11D0-8D11-00A0C91BC942}") = "11.Classes", "11.Classes\11.Classes.vcxproj", "{B66AFC27-99CA-443A-B9A4-28585823F2D7}"
EndProject
Project("{8BC9CEB8-8B4A-11D0-8D11-00A0C91BC942}") = "12.Abtract", "12.Abtract\12.Abtract.vcxproj", "{F5C8664C-B6ED-4234-A137-264FEE14E543}"
EndProject
Project("{8BC9CEB8-8B4A-11D0-8D11-00A0C91BC942}") = "13.structs", "13.structs\13.structs.vcxproj", "{702B80CE-9DBB-4795-911B-58AA05BD04F6}"
EndProject
Project("{8BC9CEB8-8B4A-11D0-8D11-00A0C91BC942}") = "14.operator_overload", "14.operator_overload\14.operator_overload.vcxproj", "{A1BCBDCC-B220-4ED1-BDD5-5EEDF8619C38}"
EndProject
Project("{8BC9CEB8-8B4A-11D0-8D11-00A0C91BC942}") = "15.Lambda", "15.Lambda\15.Lambda.vcxproj", "{F9AB4A12-8DE5-4E8B-9907-B9ACB4458E15}"
EndProject
Project("{8BC9CEB8-8B4A-11D0-8D11-00A0C91BC942}") = "16.fileio", "16.fileio\16.fileio.vcxproj", "{CDC5B07B-DE4B-4869-8CD7-250555DF305F}"
EndProject
Project("{8BC9CEB8-8B4A-11D0-8D11-00A0C91BC942}") = "17.functions", "17.functions\17.functions.vcxproj", "{A45DA91A-D6D7-4B67-B249-6BEBD3A2DA38}"
EndProject
Project("{8BC9CEB8-8B4A-11D0-8D11-00A0C91BC942}") = "18.macro", "18.macro\18.macro.vcxproj", "{EC21753D-8468-4662-ACA4-C64C952FEA43}"
EndProject
Project("{8BC9CEB8-8B4A-11D0-8D11-00A0C91BC942}") = "19.template", "19.tempalte\19.tempalte.vcxproj", "{81B9F4DE-82D0-4C13-AD18-0161F989C278}"
EndProject
Project("{8BC9CEB8-8B4A-11D0-8D11-00A0C91BC942}") = "20.templateClasses", "20.templateClasses\20.templateClasses.vcxproj", "{FB4C4A8A-F78C-495D-BDD8-AF07B942CCB3}"
EndProject
Project("{8BC9CEB8-8B4A-11D0-8D11-00A0C91BC942}") = "21.container", "21.container\21.container.vcxproj", "{A6914423-D463-4EB2-BF7C-8420C3641482}"
EndProject
Project("{8BC9CEB8-8B4A-11D0-8D11-00A0C91BC942}") = "22.iterator", "22.iterator\22.iterator.vcxproj", "{9F582217-08E8-45FF-ADA2-5D3C12B33E82}"
EndProject
Project("{8BC9CEB8-8B4A-11D0-8D11-00A0C91BC942}") = "23.malloc", "23.malloc\23.malloc.vcxproj", "{5820FAFF-E71B-4DF6-9648-FD9C9E0224AD}"
EndProject
Project("{8BC9CEB8-8B4A-11D0-8D11-00A0C91BC942}") = "24.smart_pointer", "24.smart_pointer\24.smart_pointer.vcxproj", "{9BD2A7D2-8E21-4C06-86D1-98F87B6512AD}"
EndProject
Project("{8BC9CEB8-8B4A-11D0-8D11-00A0C91BC942}") = "25.threads", "25.threads\25.threads.vcxproj", "{0EA76F10-FD18-4EBA-86B2-1AB53CE9813D}"
EndProject
Project("{8BC9CEB8-8B4A-11D0-8D11-00A0C91BC942}") = "26.sequence_container", "26.sequence_container\26.sequence_container.vcxproj", "{54A24E18-7A93-4183-AB7D-CFFBE3F7C9B4}"
EndProject
Project("{8BC9CEB8-8B4A-11D0-8D11-00A0C91BC942}") = "27.lists", "27.lists\27.lists.vcxproj", "{04F1D721-CE43-4144-B117-A7E5E463C6A7}"
EndProject
Project("{8BC9CEB8-8B4A-11D0-8D11-00A0C91BC942}") = "28.forward_list", "28.forward_list\28.forward_list.vcxproj", "{8B429FCE-A30B-473F-AC74-6EAE541D8118}"
EndProject
Project("{8BC9CEB8-8B4A-11D0-8D11-00A0C91BC942}") = "29.sets", "29.sets\29.sets.vcxproj", "{5F7E6E51-26D1-406B-B3C5-DB4027DBD652}"
EndProject
Project("{8BC9CEB8-8B4A-11D0-8D11-00A0C91BC942}") = "30.multisets", "30.multisets\30.multisets.vcxproj", "{3B0F9E53-6A93-443B-8A5A-D3784B37ED63}"
EndProject
Project("{8BC9CEB8-8B4A-11D0-8D11-00A0C91BC942}") = "31.map", "31.map\31.map.vcxproj", "{24A3D858-2601-4C9F-BCC7-E52E1C401DAF}"
EndProject
Project("{8BC9CEB8-8B4A-11D0-8D11-00A0C91BC942}") = "32.stacks", "32.stacks\32.stacks.vcxproj", "{7901BBF9-CBD7-4327-86AF-D519413CFFB4}"
EndProject
Project("{8BC9CEB8-8B4A-11D0-8D11-00A0C91BC942}") = "33.queue", "33.queue\33.queue.vcxproj", "{25A05A31-9E1E-46FE-A788-DA724B86132B}"
EndProject
Project("{8BC9CEB8-8B4A-11D0-8D11-00A0C91BC942}") = "34.enums", "34.enums\34.enums.vcxproj", "{7639E08E-E705-4070-BD83-DAF44418BB3B}"
EndProject
Global
	GlobalSection(SolutionConfigurationPlatforms) = preSolution
		Debug|x64 = Debug|x64
		Debug|x86 = Debug|x86
		Release|x64 = Release|x64
		Release|x86 = Release|x86
	EndGlobalSection
	GlobalSection(ProjectConfigurationPlatforms) = postSolution
		{65FABDF1-59B1-4513-B98C-C3130AFA7486}.Debug|x64.ActiveCfg = Debug|x64
		{65FABDF1-59B1-4513-B98C-C3130AFA7486}.Debug|x64.Build.0 = Debug|x64
		{65FABDF1-59B1-4513-B98C-C3130AFA7486}.Debug|x86.ActiveCfg = Debug|Win32
		{65FABDF1-59B1-4513-B98C-C3130AFA7486}.Debug|x86.Build.0 = Debug|Win32
		{65FABDF1-59B1-4513-B98C-C3130AFA7486}.Release|x64.ActiveCfg = Release|x64
		{65FABDF1-59B1-4513-B98C-C3130AFA7486}.Release|x64.Build.0 = Release|x64
		{65FABDF1-59B1-4513-B98C-C3130AFA7486}.Release|x86.ActiveCfg = Release|Win32
		{65FABDF1-59B1-4513-B98C-C3130AFA7486}.Release|x86.Build.0 = Release|Win32
		{12B3C439-D1B9-40EB-908D-2637FF297D86}.Debug|x64.ActiveCfg = Debug|x64
		{12B3C439-D1B9-40EB-908D-2637FF297D86}.Debug|x64.Build.0 = Debug|x64
		{12B3C439-D1B9-40EB-908D-2637FF297D86}.Debug|x86.ActiveCfg = Debug|Win32
		{12B3C439-D1B9-40EB-908D-2637FF297D86}.Debug|x86.Build.0 = Debug|Win32
		{12B3C439-D1B9-40EB-908D-2637FF297D86}.Release|x64.ActiveCfg = Release|x64
		{12B3C439-D1B9-40EB-908D-2637FF297D86}.Release|x64.Build.0 = Release|x64
		{12B3C439-D1B9-40EB-908D-2637FF297D86}.Release|x86.ActiveCfg = Release|Win32
		{12B3C439-D1B9-40EB-908D-2637FF297D86}.Release|x86.Build.0 = Release|Win32
		{79AF2679-DFB1-4A6C-BEB8-937F9E9E471F}.Debug|x64.ActiveCfg = Debug|x64
		{79AF2679-DFB1-4A6C-BEB8-937F9E9E471F}.Debug|x64.Build.0 = Debug|x64
		{79AF2679-DFB1-4A6C-BEB8-937F9E9E471F}.Debug|x86.ActiveCfg = Debug|Win32
		{79AF2679-DFB1-4A6C-BEB8-937F9E9E471F}.Debug|x86.Build.0 = Debug|Win32
		{79AF2679-DFB1-4A6C-BEB8-937F9E9E471F}.Release|x64.ActiveCfg = Release|x64
		{79AF2679-DFB1-4A6C-BEB8-937F9E9E471F}.Release|x64.Build.0 = Release|x64
		{79AF2679-DFB1-4A6C-BEB8-937F9E9E471F}.Release|x86.ActiveCfg = Release|Win32
		{79AF2679-DFB1-4A6C-BEB8-937F9E9E471F}.Release|x86.Build.0 = Release|Win32
		{684AA3FD-3C23-4A9E-A887-2A8B44BBD82E}.Debug|x64.ActiveCfg = Debug|x64
		{684AA3FD-3C23-4A9E-A887-2A8B44BBD82E}.Debug|x64.Build.0 = Debug|x64
		{684AA3FD-3C23-4A9E-A887-2A8B44BBD82E}.Debug|x86.ActiveCfg = Debug|Win32
		{684AA3FD-3C23-4A9E-A887-2A8B44BBD82E}.Debug|x86.Build.0 = Debug|Win32
		{684AA3FD-3C23-4A9E-A887-2A8B44BBD82E}.Release|x64.ActiveCfg = Release|x64
		{684AA3FD-3C23-4A9E-A887-2A8B44BBD82E}.Release|x64.Build.0 = Release|x64
		{684AA3FD-3C23-4A9E-A887-2A8B44BBD82E}.Release|x86.ActiveCfg = Release|Win32
		{684AA3FD-3C23-4A9E-A887-2A8B44BBD82E}.Release|x86.Build.0 = Release|Win32
		{6BA1E068-8DE2-49AE-AC96-42581F6A146D}.Debug|x64.ActiveCfg = Debug|x64
		{6BA1E068-8DE2-49AE-AC96-42581F6A146D}.Debug|x64.Build.0 = Debug|x64
		{6BA1E068-8DE2-49AE-AC96-42581F6A146D}.Debug|x86.ActiveCfg = Debug|Win32
		{6BA1E068-8DE2-49AE-AC96-42581F6A146D}.Debug|x86.Build.0 = Debug|Win32
		{6BA1E068-8DE2-49AE-AC96-42581F6A146D}.Release|x64.ActiveCfg = Release|x64
		{6BA1E068-8DE2-49AE-AC96-42581F6A146D}.Release|x64.Build.0 = Release|x64
		{6BA1E068-8DE2-49AE-AC96-42581F6A146D}.Release|x86.ActiveCfg = Release|Win32
		{6BA1E068-8DE2-49AE-AC96-42581F6A146D}.Release|x86.Build.0 = Release|Win32
		{7B7708F1-CB44-481A-8C6C-D6291C19BBAE}.Debug|x64.ActiveCfg = Debug|x64
		{7B7708F1-CB44-481A-8C6C-D6291C19BBAE}.Debug|x64.Build.0 = Debug|x64
		{7B7708F1-CB44-481A-8C6C-D6291C19BBAE}.Debug|x86.ActiveCfg = Debug|Win32
		{7B7708F1-CB44-481A-8C6C-D6291C19BBAE}.Debug|x86.Build.0 = Debug|Win32
		{7B7708F1-CB44-481A-8C6C-D6291C19BBAE}.Release|x64.ActiveCfg = Release|x64
		{7B7708F1-CB44-481A-8C6C-D6291C19BBAE}.Release|x64.Build.0 = Release|x64
		{7B7708F1-CB44-481A-8C6C-D6291C19BBAE}.Release|x86.ActiveCfg = Release|Win32
		{7B7708F1-CB44-481A-8C6C-D6291C19BBAE}.Release|x86.Build.0 = Release|Win32
		{74E02ADD-E529-4B13-9FE4-0BFAD8D2C0E6}.Debug|x64.ActiveCfg = Debug|x64
		{74E02ADD-E529-4B13-9FE4-0BFAD8D2C0E6}.Debug|x64.Build.0 = Debug|x64
		{74E02ADD-E529-4B13-9FE4-0BFAD8D2C0E6}.Debug|x86.ActiveCfg = Debug|Win32
		{74E02ADD-E529-4B13-9FE4-0BFAD8D2C0E6}.Debug|x86.Build.0 = Debug|Win32
		{74E02ADD-E529-4B13-9FE4-0BFAD8D2C0E6}.Release|x64.ActiveCfg = Release|x64
		{74E02ADD-E529-4B13-9FE4-0BFAD8D2C0E6}.Release|x64.Build.0 = Release|x64
		{74E02ADD-E529-4B13-9FE4-0BFAD8D2C0E6}.Release|x86.ActiveCfg = Release|Win32
		{74E02ADD-E529-4B13-9FE4-0BFAD8D2C0E6}.Release|x86.Build.0 = Release|Win32
		{275BF4D6-C4CD-4B90-A3F8-4B23D74A3D4D}.Debug|x64.ActiveCfg = Debug|x64
		{275BF4D6-C4CD-4B90-A3F8-4B23D74A3D4D}.Debug|x64.Build.0 = Debug|x64
		{275BF4D6-C4CD-4B90-A3F8-4B23D74A3D4D}.Debug|x86.ActiveCfg = Debug|Win32
		{275BF4D6-C4CD-4B90-A3F8-4B23D74A3D4D}.Debug|x86.Build.0 = Debug|Win32
		{275BF4D6-C4CD-4B90-A3F8-4B23D74A3D4D}.Release|x64.ActiveCfg = Release|x64
		{275BF4D6-C4CD-4B90-A3F8-4B23D74A3D4D}.Release|x64.Build.0 = Release|x64
		{275BF4D6-C4CD-4B90-A3F8-4B23D74A3D4D}.Release|x86.ActiveCfg = Release|Win32
		{275BF4D6-C4CD-4B90-A3F8-4B23D74A3D4D}.Release|x86.Build.0 = Release|Win32
		{F7F8E768-3EC2-40A7-ADDC-93045FE81E98}.Debug|x64.ActiveCfg = Debug|x64
		{F7F8E768-3EC2-40A7-ADDC-93045FE81E98}.Debug|x64.Build.0 = Debug|x64
		{F7F8E768-3EC2-40A7-ADDC-93045FE81E98}.Debug|x86.ActiveCfg = Debug|Win32
		{F7F8E768-3EC2-40A7-ADDC-93045FE81E98}.Debug|x86.Build.0 = Debug|Win32
		{F7F8E768-3EC2-40A7-ADDC-93045FE81E98}.Release|x64.ActiveCfg = Release|x64
		{F7F8E768-3EC2-40A7-ADDC-93045FE81E98}.Release|x64.Build.0 = Release|x64
		{F7F8E768-3EC2-40A7-ADDC-93045FE81E98}.Release|x86.ActiveCfg = Release|Win32
		{F7F8E768-3EC2-40A7-ADDC-93045FE81E98}.Release|x86.Build.0 = Release|Win32
		{5135A1D4-E1AF-43D6-A724-D8CD758564FB}.Debug|x64.ActiveCfg = Debug|x64
		{5135A1D4-E1AF-43D6-A724-D8CD758564FB}.Debug|x64.Build.0 = Debug|x64
		{5135A1D4-E1AF-43D6-A724-D8CD758564FB}.Debug|x86.ActiveCfg = Debug|Win32
		{5135A1D4-E1AF-43D6-A724-D8CD758564FB}.Debug|x86.Build.0 = Debug|Win32
		{5135A1D4-E1AF-43D6-A724-D8CD758564FB}.Release|x64.ActiveCfg = Release|x64
		{5135A1D4-E1AF-43D6-A724-D8CD758564FB}.Release|x64.Build.0 = Release|x64
		{5135A1D4-E1AF-43D6-A724-D8CD758564FB}.Release|x86.ActiveCfg = Release|Win32
		{5135A1D4-E1AF-43D6-A724-D8CD758564FB}.Release|x86.Build.0 = Release|Win32
		{B66AFC27-99CA-443A-B9A4-28585823F2D7}.Debug|x64.ActiveCfg = Debug|x64
		{B66AFC27-99CA-443A-B9A4-28585823F2D7}.Debug|x64.Build.0 = Debug|x64
		{B66AFC27-99CA-443A-B9A4-28585823F2D7}.Debug|x86.ActiveCfg = Debug|Win32
		{B66AFC27-99CA-443A-B9A4-28585823F2D7}.Debug|x86.Build.0 = Debug|Win32
		{B66AFC27-99CA-443A-B9A4-28585823F2D7}.Release|x64.ActiveCfg = Release|x64
		{B66AFC27-99CA-443A-B9A4-28585823F2D7}.Release|x64.Build.0 = Release|x64
		{B66AFC27-99CA-443A-B9A4-28585823F2D7}.Release|x86.ActiveCfg = Release|Win32
		{B66AFC27-99CA-443A-B9A4-28585823F2D7}.Release|x86.Build.0 = Release|Win32
		{F5C8664C-B6ED-4234-A137-264FEE14E543}.Debug|x64.ActiveCfg = Debug|x64
		{F5C8664C-B6ED-4234-A137-264FEE14E543}.Debug|x64.Build.0 = Debug|x64
		{F5C8664C-B6ED-4234-A137-264FEE14E543}.Debug|x86.ActiveCfg = Debug|Win32
		{F5C8664C-B6ED-4234-A137-264FEE14E543}.Debug|x86.Build.0 = Debug|Win32
		{F5C8664C-B6ED-4234-A137-264FEE14E543}.Release|x64.ActiveCfg = Release|x64
		{F5C8664C-B6ED-4234-A137-264FEE14E543}.Release|x64.Build.0 = Release|x64
		{F5C8664C-B6ED-4234-A137-264FEE14E543}.Release|x86.ActiveCfg = Release|Win32
		{F5C8664C-B6ED-4234-A137-264FEE14E543}.Release|x86.Build.0 = Release|Win32
		{702B80CE-9DBB-4795-911B-58AA05BD04F6}.Debug|x64.ActiveCfg = Debug|x64
		{702B80CE-9DBB-4795-911B-58AA05BD04F6}.Debug|x64.Build.0 = Debug|x64
		{702B80CE-9DBB-4795-911B-58AA05BD04F6}.Debug|x86.ActiveCfg = Debug|Win32
		{702B80CE-9DBB-4795-911B-58AA05BD04F6}.Debug|x86.Build.0 = Debug|Win32
		{702B80CE-9DBB-4795-911B-58AA05BD04F6}.Release|x64.ActiveCfg = Release|x64
		{702B80CE-9DBB-4795-911B-58AA05BD04F6}.Release|x64.Build.0 = Release|x64
		{702B80CE-9DBB-4795-911B-58AA05BD04F6}.Release|x86.ActiveCfg = Release|Win32
		{702B80CE-9DBB-4795-911B-58AA05BD04F6}.Release|x86.Build.0 = Release|Win32
		{A1BCBDCC-B220-4ED1-BDD5-5EEDF8619C38}.Debug|x64.ActiveCfg = Debug|x64
		{A1BCBDCC-B220-4ED1-BDD5-5EEDF8619C38}.Debug|x64.Build.0 = Debug|x64
		{A1BCBDCC-B220-4ED1-BDD5-5EEDF8619C38}.Debug|x86.ActiveCfg = Debug|Win32
		{A1BCBDCC-B220-4ED1-BDD5-5EEDF8619C38}.Debug|x86.Build.0 = Debug|Win32
		{A1BCBDCC-B220-4ED1-BDD5-5EEDF8619C38}.Release|x64.ActiveCfg = Release|x64
		{A1BCBDCC-B220-4ED1-BDD5-5EEDF8619C38}.Release|x64.Build.0 = Release|x64
		{A1BCBDCC-B220-4ED1-BDD5-5EEDF8619C38}.Release|x86.ActiveCfg = Release|Win32
		{A1BCBDCC-B220-4ED1-BDD5-5EEDF8619C38}.Release|x86.Build.0 = Release|Win32
		{F9AB4A12-8DE5-4E8B-9907-B9ACB4458E15}.Debug|x64.ActiveCfg = Debug|x64
		{F9AB4A12-8DE5-4E8B-9907-B9ACB4458E15}.Debug|x64.Build.0 = Debug|x64
		{F9AB4A12-8DE5-4E8B-9907-B9ACB4458E15}.Debug|x86.ActiveCfg = Debug|Win32
		{F9AB4A12-8DE5-4E8B-9907-B9ACB4458E15}.Debug|x86.Build.0 = Debug|Win32
		{F9AB4A12-8DE5-4E8B-9907-B9ACB4458E15}.Release|x64.ActiveCfg = Release|x64
		{F9AB4A12-8DE5-4E8B-9907-B9ACB4458E15}.Release|x64.Build.0 = Release|x64
		{F9AB4A12-8DE5-4E8B-9907-B9ACB4458E15}.Release|x86.ActiveCfg = Release|Win32
		{F9AB4A12-8DE5-4E8B-9907-B9ACB4458E15}.Release|x86.Build.0 = Release|Win32
		{CDC5B07B-DE4B-4869-8CD7-250555DF305F}.Debug|x64.ActiveCfg = Debug|x64
		{CDC5B07B-DE4B-4869-8CD7-250555DF305F}.Debug|x64.Build.0 = Debug|x64
		{CDC5B07B-DE4B-4869-8CD7-250555DF305F}.Debug|x86.ActiveCfg = Debug|Win32
		{CDC5B07B-DE4B-4869-8CD7-250555DF305F}.Debug|x86.Build.0 = Debug|Win32
		{CDC5B07B-DE4B-4869-8CD7-250555DF305F}.Release|x64.ActiveCfg = Release|x64
		{CDC5B07B-DE4B-4869-8CD7-250555DF305F}.Release|x64.Build.0 = Release|x64
		{CDC5B07B-DE4B-4869-8CD7-250555DF305F}.Release|x86.ActiveCfg = Release|Win32
		{CDC5B07B-DE4B-4869-8CD7-250555DF305F}.Release|x86.Build.0 = Release|Win32
		{A45DA91A-D6D7-4B67-B249-6BEBD3A2DA38}.Debug|x64.ActiveCfg = Debug|x64
		{A45DA91A-D6D7-4B67-B249-6BEBD3A2DA38}.Debug|x64.Build.0 = Debug|x64
		{A45DA91A-D6D7-4B67-B249-6BEBD3A2DA38}.Debug|x86.ActiveCfg = Debug|Win32
		{A45DA91A-D6D7-4B67-B249-6BEBD3A2DA38}.Debug|x86.Build.0 = Debug|Win32
		{A45DA91A-D6D7-4B67-B249-6BEBD3A2DA38}.Release|x64.ActiveCfg = Release|x64
		{A45DA91A-D6D7-4B67-B249-6BEBD3A2DA38}.Release|x64.Build.0 = Release|x64
		{A45DA91A-D6D7-4B67-B249-6BEBD3A2DA38}.Release|x86.ActiveCfg = Release|Win32
		{A45DA91A-D6D7-4B67-B249-6BEBD3A2DA38}.Release|x86.Build.0 = Release|Win32
		{EC21753D-8468-4662-ACA4-C64C952FEA43}.Debug|x64.ActiveCfg = Debug|x64
		{EC21753D-8468-4662-ACA4-C64C952FEA43}.Debug|x64.Build.0 = Debug|x64
		{EC21753D-8468-4662-ACA4-C64C952FEA43}.Debug|x86.ActiveCfg = Debug|Win32
		{EC21753D-8468-4662-ACA4-C64C952FEA43}.Debug|x86.Build.0 = Debug|Win32
		{EC21753D-8468-4662-ACA4-C64C952FEA43}.Release|x64.ActiveCfg = Release|x64
		{EC21753D-8468-4662-ACA4-C64C952FEA43}.Release|x64.Build.0 = Release|x64
		{EC21753D-8468-4662-ACA4-C64C952FEA43}.Release|x86.ActiveCfg = Release|Win32
		{EC21753D-8468-4662-ACA4-C64C952FEA43}.Release|x86.Build.0 = Release|Win32
		{81B9F4DE-82D0-4C13-AD18-0161F989C278}.Debug|x64.ActiveCfg = Debug|x64
		{81B9F4DE-82D0-4C13-AD18-0161F989C278}.Debug|x64.Build.0 = Debug|x64
		{81B9F4DE-82D0-4C13-AD18-0161F989C278}.Debug|x86.ActiveCfg = Debug|Win32
		{81B9F4DE-82D0-4C13-AD18-0161F989C278}.Debug|x86.Build.0 = Debug|Win32
		{81B9F4DE-82D0-4C13-AD18-0161F989C278}.Release|x64.ActiveCfg = Release|x64
		{81B9F4DE-82D0-4C13-AD18-0161F989C278}.Release|x64.Build.0 = Release|x64
		{81B9F4DE-82D0-4C13-AD18-0161F989C278}.Release|x86.ActiveCfg = Release|Win32
		{81B9F4DE-82D0-4C13-AD18-0161F989C278}.Release|x86.Build.0 = Release|Win32
		{FB4C4A8A-F78C-495D-BDD8-AF07B942CCB3}.Debug|x64.ActiveCfg = Debug|x64
		{FB4C4A8A-F78C-495D-BDD8-AF07B942CCB3}.Debug|x64.Build.0 = Debug|x64
		{FB4C4A8A-F78C-495D-BDD8-AF07B942CCB3}.Debug|x86.ActiveCfg = Debug|Win32
		{FB4C4A8A-F78C-495D-BDD8-AF07B942CCB3}.Debug|x86.Build.0 = Debug|Win32
		{FB4C4A8A-F78C-495D-BDD8-AF07B942CCB3}.Release|x64.ActiveCfg = Release|x64
		{FB4C4A8A-F78C-495D-BDD8-AF07B942CCB3}.Release|x64.Build.0 = Release|x64
		{FB4C4A8A-F78C-495D-BDD8-AF07B942CCB3}.Release|x86.ActiveCfg = Release|Win32
		{FB4C4A8A-F78C-495D-BDD8-AF07B942CCB3}.Release|x86.Build.0 = Release|Win32
		{A6914423-D463-4EB2-BF7C-8420C3641482}.Debug|x64.ActiveCfg = Debug|x64
		{A6914423-D463-4EB2-BF7C-8420C3641482}.Debug|x64.Build.0 = Debug|x64
		{A6914423-D463-4EB2-BF7C-8420C3641482}.Debug|x86.ActiveCfg = Debug|Win32
		{A6914423-D463-4EB2-BF7C-8420C3641482}.Debug|x86.Build.0 = Debug|Win32
		{A6914423-D463-4EB2-BF7C-8420C3641482}.Release|x64.ActiveCfg = Release|x64
		{A6914423-D463-4EB2-BF7C-8420C3641482}.Release|x64.Build.0 = Release|x64
		{A6914423-D463-4EB2-BF7C-8420C3641482}.Release|x86.ActiveCfg = Release|Win32
		{A6914423-D463-4EB2-BF7C-8420C3641482}.Release|x86.Build.0 = Release|Win32
		{9F582217-08E8-45FF-ADA2-5D3C12B33E82}.Debug|x64.ActiveCfg = Debug|x64
		{9F582217-08E8-45FF-ADA2-5D3C12B33E82}.Debug|x64.Build.0 = Debug|x64
		{9F582217-08E8-45FF-ADA2-5D3C12B33E82}.Debug|x86.ActiveCfg = Debug|Win32
		{9F582217-08E8-45FF-ADA2-5D3C12B33E82}.Debug|x86.Build.0 = Debug|Win32
		{9F582217-08E8-45FF-ADA2-5D3C12B33E82}.Release|x64.ActiveCfg = Release|x64
		{9F582217-08E8-45FF-ADA2-5D3C12B33E82}.Release|x64.Build.0 = Release|x64
		{9F582217-08E8-45FF-ADA2-5D3C12B33E82}.Release|x86.ActiveCfg = Release|Win32
		{9F582217-08E8-45FF-ADA2-5D3C12B33E82}.Release|x86.Build.0 = Release|Win32
		{5820FAFF-E71B-4DF6-9648-FD9C9E0224AD}.Debug|x64.ActiveCfg = Debug|x64
		{5820FAFF-E71B-4DF6-9648-FD9C9E0224AD}.Debug|x64.Build.0 = Debug|x64
		{5820FAFF-E71B-4DF6-9648-FD9C9E0224AD}.Debug|x86.ActiveCfg = Debug|Win32
		{5820FAFF-E71B-4DF6-9648-FD9C9E0224AD}.Debug|x86.Build.0 = Debug|Win32
		{5820FAFF-E71B-4DF6-9648-FD9C9E0224AD}.Release|x64.ActiveCfg = Release|x64
		{5820FAFF-E71B-4DF6-9648-FD9C9E0224AD}.Release|x64.Build.0 = Release|x64
		{5820FAFF-E71B-4DF6-9648-FD9C9E0224AD}.Release|x86.ActiveCfg = Release|Win32
		{5820FAFF-E71B-4DF6-9648-FD9C9E0224AD}.Release|x86.Build.0 = Release|Win32
		{9BD2A7D2-8E21-4C06-86D1-98F87B6512AD}.Debug|x64.ActiveCfg = Debug|x64
		{9BD2A7D2-8E21-4C06-86D1-98F87B6512AD}.Debug|x64.Build.0 = Debug|x64
		{9BD2A7D2-8E21-4C06-86D1-98F87B6512AD}.Debug|x86.ActiveCfg = Debug|Win32
		{9BD2A7D2-8E21-4C06-86D1-98F87B6512AD}.Debug|x86.Build.0 = Debug|Win32
		{9BD2A7D2-8E21-4C06-86D1-98F87B6512AD}.Release|x64.ActiveCfg = Release|x64
		{9BD2A7D2-8E21-4C06-86D1-98F87B6512AD}.Release|x64.Build.0 = Release|x64
		{9BD2A7D2-8E21-4C06-86D1-98F87B6512AD}.Release|x86.ActiveCfg = Release|Win32
		{9BD2A7D2-8E21-4C06-86D1-98F87B6512AD}.Release|x86.Build.0 = Release|Win32
		{0EA76F10-FD18-4EBA-86B2-1AB53CE9813D}.Debug|x64.ActiveCfg = Debug|x64
		{0EA76F10-FD18-4EBA-86B2-1AB53CE9813D}.Debug|x64.Build.0 = Debug|x64
		{0EA76F10-FD18-4EBA-86B2-1AB53CE9813D}.Debug|x86.ActiveCfg = Debug|Win32
		{0EA76F10-FD18-4EBA-86B2-1AB53CE9813D}.Debug|x86.Build.0 = Debug|Win32
		{0EA76F10-FD18-4EBA-86B2-1AB53CE9813D}.Release|x64.ActiveCfg = Release|x64
		{0EA76F10-FD18-4EBA-86B2-1AB53CE9813D}.Release|x64.Build.0 = Release|x64
		{0EA76F10-FD18-4EBA-86B2-1AB53CE9813D}.Release|x86.ActiveCfg = Release|Win32
		{0EA76F10-FD18-4EBA-86B2-1AB53CE9813D}.Release|x86.Build.0 = Release|Win32
		{54A24E18-7A93-4183-AB7D-CFFBE3F7C9B4}.Debug|x64.ActiveCfg = Debug|x64
		{54A24E18-7A93-4183-AB7D-CFFBE3F7C9B4}.Debug|x64.Build.0 = Debug|x64
		{54A24E18-7A93-4183-AB7D-CFFBE3F7C9B4}.Debug|x86.ActiveCfg = Debug|Win32
		{54A24E18-7A93-4183-AB7D-CFFBE3F7C9B4}.Debug|x86.Build.0 = Debug|Win32
		{54A24E18-7A93-4183-AB7D-CFFBE3F7C9B4}.Release|x64.ActiveCfg = Release|x64
		{54A24E18-7A93-4183-AB7D-CFFBE3F7C9B4}.Release|x64.Build.0 = Release|x64
		{54A24E18-7A93-4183-AB7D-CFFBE3F7C9B4}.Release|x86.ActiveCfg = Release|Win32
		{54A24E18-7A93-4183-AB7D-CFFBE3F7C9B4}.Release|x86.Build.0 = Release|Win32
		{04F1D721-CE43-4144-B117-A7E5E463C6A7}.Debug|x64.ActiveCfg = Debug|x64
		{04F1D721-CE43-4144-B117-A7E5E463C6A7}.Debug|x64.Build.0 = Debug|x64
		{04F1D721-CE43-4144-B117-A7E5E463C6A7}.Debug|x86.ActiveCfg = Debug|Win32
		{04F1D721-CE43-4144-B117-A7E5E463C6A7}.Debug|x86.Build.0 = Debug|Win32
		{04F1D721-CE43-4144-B117-A7E5E463C6A7}.Release|x64.ActiveCfg = Release|x64
		{04F1D721-CE43-4144-B117-A7E5E463C6A7}.Release|x64.Build.0 = Release|x64
		{04F1D721-CE43-4144-B117-A7E5E463C6A7}.Release|x86.ActiveCfg = Release|Win32
		{04F1D721-CE43-4144-B117-A7E5E463C6A7}.Release|x86.Build.0 = Release|Win32
		{8B429FCE-A30B-473F-AC74-6EAE541D8118}.Debug|x64.ActiveCfg = Debug|x64
		{8B429FCE-A30B-473F-AC74-6EAE541D8118}.Debug|x64.Build.0 = Debug|x64
		{8B429FCE-A30B-473F-AC74-6EAE541D8118}.Debug|x86.ActiveCfg = Debug|Win32
		{8B429FCE-A30B-473F-AC74-6EAE541D8118}.Debug|x86.Build.0 = Debug|Win32
		{8B429FCE-A30B-473F-AC74-6EAE541D8118}.Release|x64.ActiveCfg = Release|x64
		{8B429FCE-A30B-473F-AC74-6EAE541D8118}.Release|x64.Build.0 = Release|x64
		{8B429FCE-A30B-473F-AC74-6EAE541D8118}.Release|x86.ActiveCfg = Release|Win32
		{8B429FCE-A30B-473F-AC74-6EAE541D8118}.Release|x86.Build.0 = Release|Win32
		{5F7E6E51-26D1-406B-B3C5-DB4027DBD652}.Debug|x64.ActiveCfg = Debug|x64
		{5F7E6E51-26D1-406B-B3C5-DB4027DBD652}.Debug|x64.Build.0 = Debug|x64
		{5F7E6E51-26D1-406B-B3C5-DB4027DBD652}.Debug|x86.ActiveCfg = Debug|Win32
		{5F7E6E51-26D1-406B-B3C5-DB4027DBD652}.Debug|x86.Build.0 = Debug|Win32
		{5F7E6E51-26D1-406B-B3C5-DB4027DBD652}.Release|x64.ActiveCfg = Release|x64
		{5F7E6E51-26D1-406B-B3C5-DB4027DBD652}.Release|x64.Build.0 = Release|x64
		{5F7E6E51-26D1-406B-B3C5-DB4027DBD652}.Release|x86.ActiveCfg = Release|Win32
		{5F7E6E51-26D1-406B-B3C5-DB4027DBD652}.Release|x86.Build.0 = Release|Win32
		{3B0F9E53-6A93-443B-8A5A-D3784B37ED63}.Debug|x64.ActiveCfg = Debug|x64
		{3B0F9E53-6A93-443B-8A5A-D3784B37ED63}.Debug|x64.Build.0 = Debug|x64
		{3B0F9E53-6A93-443B-8A5A-D3784B37ED63}.Debug|x86.ActiveCfg = Debug|Win32
		{3B0F9E53-6A93-443B-8A5A-D3784B37ED63}.Debug|x86.Build.0 = Debug|Win32
		{3B0F9E53-6A93-443B-8A5A-D3784B37ED63}.Release|x64.ActiveCfg = Release|x64
		{3B0F9E53-6A93-443B-8A5A-D3784B37ED63}.Release|x64.Build.0 = Release|x64
		{3B0F9E53-6A93-443B-8A5A-D3784B37ED63}.Release|x86.ActiveCfg = Release|Win32
		{3B0F9E53-6A93-443B-8A5A-D3784B37ED63}.Release|x86.Build.0 = Release|Win32
		{24A3D858-2601-4C9F-BCC7-E52E1C401DAF}.Debug|x64.ActiveCfg = Debug|x64
		{24A3D858-2601-4C9F-BCC7-E52E1C401DAF}.Debug|x64.Build.0 = Debug|x64
		{24A3D858-2601-4C9F-BCC7-E52E1C401DAF}.Debug|x86.ActiveCfg = Debug|Win32
		{24A3D858-2601-4C9F-BCC7-E52E1C401DAF}.Debug|x86.Build.0 = Debug|Win32
		{24A3D858-2601-4C9F-BCC7-E52E1C401DAF}.Release|x64.ActiveCfg = Release|x64
		{24A3D858-2601-4C9F-BCC7-E52E1C401DAF}.Release|x64.Build.0 = Release|x64
		{24A3D858-2601-4C9F-BCC7-E52E1C401DAF}.Release|x86.ActiveCfg = Release|Win32
		{24A3D858-2601-4C9F-BCC7-E52E1C401DAF}.Release|x86.Build.0 = Release|Win32
		{7901BBF9-CBD7-4327-86AF-D519413CFFB4}.Debug|x64.ActiveCfg = Debug|x64
		{7901BBF9-CBD7-4327-86AF-D519413CFFB4}.Debug|x64.Build.0 = Debug|x64
		{7901BBF9-CBD7-4327-86AF-D519413CFFB4}.Debug|x86.ActiveCfg = Debug|Win32
		{7901BBF9-CBD7-4327-86AF-D519413CFFB4}.Debug|x86.Build.0 = Debug|Win32
		{7901BBF9-CBD7-4327-86AF-D519413CFFB4}.Release|x64.ActiveCfg = Release|x64
		{7901BBF9-CBD7-4327-86AF-D519413CFFB4}.Release|x64.Build.0 = Release|x64
		{7901BBF9-CBD7-4327-86AF-D519413CFFB4}.Release|x86.ActiveCfg = Release|Win32
		{7901BBF9-CBD7-4327-86AF-D519413CFFB4}.Release|x86.Build.0 = Release|Win32
		{25A05A31-9E1E-46FE-A788-DA724B86132B}.Debug|x64.ActiveCfg = Debug|x64
		{25A05A31-9E1E-46FE-A788-DA724B86132B}.Debug|x64.Build.0 = Debug|x64
		{25A05A31-9E1E-46FE-A788-DA724B86132B}.Debug|x86.ActiveCfg = Debug|Win32
		{25A05A31-9E1E-46FE-A788-DA724B86132B}.Debug|x86.Build.0 = Debug|Win32
		{25A05A31-9E1E-46FE-A788-DA724B86132B}.Release|x64.ActiveCfg = Release|x64
		{25A05A31-9E1E-46FE-A788-DA724B86132B}.Release|x64.Build.0 = Release|x64
		{25A05A31-9E1E-46FE-A788-DA724B86132B}.Release|x86.ActiveCfg = Release|Win32
		{25A05A31-9E1E-46FE-A788-DA724B86132B}.Release|x86.Build.0 = Release|Win32
		{7639E08E-E705-4070-BD83-DAF44418BB3B}.Debug|x64.ActiveCfg = Debug|x64
		{7639E08E-E705-4070-BD83-DAF44418BB3B}.Debug|x64.Build.0 = Debug|x64
		{7639E08E-E705-4070-BD83-DAF44418BB3B}.Debug|x86.ActiveCfg = Debug|Win32
		{7639E08E-E705-4070-BD83-DAF44418BB3B}.Debug|x86.Build.0 = Debug|Win32
		{7639E08E-E705-4070-BD83-DAF44418BB3B}.Release|x64.ActiveCfg = Release|x64
		{7639E08E-E705-4070-BD83-DAF44418BB3B}.Release|x64.Build.0 = Release|x64
		{7639E08E-E705-4070-BD83-DAF44418BB3B}.Release|x86.ActiveCfg = Release|Win32
		{7639E08E-E705-4070-BD83-DAF44418BB3B}.Release|x86.Build.0 = Release|Win32
	EndGlobalSection
	GlobalSection(SolutionProperties) = preSolution
		HideSolutionNode = FALSE
	EndGlobalSection
	GlobalSection(ExtensibilityGlobals) = postSolution
		SolutionGuid = {38A0B6F7-EFFD-42EF-BDB0-90ACB02F9434}
	EndGlobalSection
EndGlobal
